<?xml version="1.0" encoding="UTF-8" standalone="yes" ?>
<CodeBlocks_project_file>
	<FileVersion major="1" minor="6" />
	<Project>
		<Option title="FischertechnikSimulator" />
		<Option pch_mode="2" />
		<Option compiler="gcc" />
		<Build>
			<Target title="Debug">
				<Option output="bin/Debug/FischertechnikSimulator" prefix_auto="1" extension_auto="1" />
				<Option object_output="obj/Debug/" />
				<Option type="1" />
				<Option compiler="gcc" />
				<Compiler>
					<Add option="-g" />
				</Compiler>
			</Target>
			<Target title="Release">
				<Option output="bin/Release/FischertechnikSimulator" prefix_auto="1" extension_auto="1" />
				<Option object_output="obj/Release/" />
				<Option type="1" />
				<Option compiler="gcc" />
				<Compiler>
					<Add option="-O2" />
				</Compiler>
				<Linker>
					<Add option="-s" />
				</Linker>
			</Target>
		</Build>
		<Compiler>
			<Add option="-Wall" />
		</Compiler>
		<Unit filename="Simulator.c">
			<Option compilerVar="CC" />
		</Unit>
		<Unit filename="defines.h" />
		<Unit filename="lightBarrier.h" />
		<Unit filename="main.c">
			<Option compilerVar="CC" />
		</Unit>
		<Unit filename="model.c">
			<Option compilerVar="CC" />
		</Unit>
		<Unit filename="model.h" />
		<Unit filename="program.c">
			<Option compilerVar="CC" />
		</Unit>
		<Unit filename="program.h" />
		<Unit filename="pusher.h" />
		<Unit filename="simLightBarrier.c">
			<Option compilerVar="CC" />
		</Unit>
		<Unit filename="simPusher.c">
			<Option compilerVar="CC" />
		</Unit>
		<Unit filename="simTool.c">
			<Option compilerVar="CC" />
		</Unit>
		<Unit filename="simTreadmill.c">
			<Option compilerVar="CC" />
		</Unit>
		<Unit filename="simulator.h" />
		<Unit filename="timeUtil.c">
			<Option compilerVar="CC" />
		</Unit>
		<Unit filename="timeUtil.h" />
		<Unit filename="tool.h" />
		<Unit filename="treadmill.h" />
		<Extensions>
			<code_completion />
			<debugger />
			<envvars />
		</Extensions>
	</Project>
</CodeBlocks_project_file>
